
Microsoft Visual Studio Solution File, Format Version 12.00
# Visual Studio Version 17
VisualStudioVersion = 17.11.35222.181
MinimumVisualStudioVersion = 10.0.40219.1
Project("{9A19103F-16F7-4668-BE54-9A1E7A4F7556}") = "Server", "Server\Server.csproj", "{2FC256EC-D624-4012-B785-6A3B5FD6EECE}"
EndProject
Project("{9A19103F-16F7-4668-BE54-9A1E7A4F7556}") = "Tests", "Tests\Tests.csproj", "{7E773D77-9303-4B6A-A5E8-C864266CA6F1}"
EndProject
Project("{9A19103F-16F7-4668-BE54-9A1E7A4F7556}") = "WebSocket", "WebSocket\WebSocket.csproj", "{CDB86C28-4787-44A5-A410-F1D6AEAC3B25}"
EndProject
Project("{FAE04EC0-301F-11D3-BF4B-00C04F79EFBC}") = "GoLogic", "GoLogic\GoLogic.csproj", "{4D37DCB8-3866-4B71-9F7F-DD40F24A4A03}"
EndProject
Global
	GlobalSection(SolutionConfigurationPlatforms) = preSolution
		Debug|Any CPU = Debug|Any CPU
		Release|Any CPU = Release|Any CPU
	EndGlobalSection
	GlobalSection(ProjectConfigurationPlatforms) = postSolution
		{2FC256EC-D624-4012-B785-6A3B5FD6EECE}.Debug|Any CPU.ActiveCfg = Debug|Any CPU
		{2FC256EC-D624-4012-B785-6A3B5FD6EECE}.Debug|Any CPU.Build.0 = Debug|Any CPU
		{2FC256EC-D624-4012-B785-6A3B5FD6EECE}.Release|Any CPU.ActiveCfg = Release|Any CPU
		{2FC256EC-D624-4012-B785-6A3B5FD6EECE}.Release|Any CPU.Build.0 = Release|Any CPU
		{7E773D77-9303-4B6A-A5E8-C864266CA6F1}.Debug|Any CPU.ActiveCfg = Debug|Any CPU
		{7E773D77-9303-4B6A-A5E8-C864266CA6F1}.Debug|Any CPU.Build.0 = Debug|Any CPU
		{7E773D77-9303-4B6A-A5E8-C864266CA6F1}.Release|Any CPU.ActiveCfg = Release|Any CPU
		{7E773D77-9303-4B6A-A5E8-C864266CA6F1}.Release|Any CPU.Build.0 = Release|Any CPU
		{CDB86C28-4787-44A5-A410-F1D6AEAC3B25}.Debug|Any CPU.ActiveCfg = Debug|Any CPU
		{CDB86C28-4787-44A5-A410-F1D6AEAC3B25}.Debug|Any CPU.Build.0 = Debug|Any CPU
		{CDB86C28-4787-44A5-A410-F1D6AEAC3B25}.Release|Any CPU.ActiveCfg = Release|Any CPU
		{CDB86C28-4787-44A5-A410-F1D6AEAC3B25}.Release|Any CPU.Build.0 = Release|Any CPU
		{4D37DCB8-3866-4B71-9F7F-DD40F24A4A03}.Debug|Any CPU.ActiveCfg = Debug|Any CPU
		{4D37DCB8-3866-4B71-9F7F-DD40F24A4A03}.Debug|Any CPU.Build.0 = Debug|Any CPU
		{4D37DCB8-3866-4B71-9F7F-DD40F24A4A03}.Release|Any CPU.ActiveCfg = Release|Any CPU
		{4D37DCB8-3866-4B71-9F7F-DD40F24A4A03}.Release|Any CPU.Build.0 = Release|Any CPU
	EndGlobalSection
	GlobalSection(SolutionProperties) = preSolution
		HideSolutionNode = FALSE
	EndGlobalSection
	GlobalSection(ExtensibilityGlobals) = postSolution
		SolutionGuid = {8AD92D75-BCC6-488E-B1E8-4C4645902193}
	EndGlobalSection
EndGlobal
