
Microsoft Visual Studio Solution File, Format Version 12.00
# Visual Studio Version 17
VisualStudioVersion = 17.11.35222.181
MinimumVisualStudioVersion = 10.0.40219.1
Project("{FAE04EC0-301F-11D3-BF4B-00C04F79EFBC}") = "Server", "Server\Server.csproj", "{40D64B34-5E4F-4AC8-9FCF-6049E438E089}"
EndProject
Global
	GlobalSection(SolutionConfigurationPlatforms) = preSolution
		Debug|Any CPU = Debug|Any CPU
		Release|Any CPU = Release|Any CPU
	EndGlobalSection
	GlobalSection(ProjectConfigurationPlatforms) = postSolution
		{40D64B34-5E4F-4AC8-9FCF-6049E438E089}.Debug|Any CPU.ActiveCfg = Debug|Any CPU
		{40D64B34-5E4F-4AC8-9FCF-6049E438E089}.Debug|Any CPU.Build.0 = Debug|Any CPU
		{40D64B34-5E4F-4AC8-9FCF-6049E438E089}.Release|Any CPU.ActiveCfg = Release|Any CPU
		{40D64B34-5E4F-4AC8-9FCF-6049E438E089}.Release|Any CPU.Build.0 = Release|Any CPU
	EndGlobalSection
	GlobalSection(SolutionProperties) = preSolution
		HideSolutionNode = FALSE
	EndGlobalSection
	GlobalSection(ExtensibilityGlobals) = postSolution
		SolutionGuid = {EC4C3BDD-9D4C-4992-9832-FD9126305B38}
	EndGlobalSection
EndGlobal
